{
  "nodes": {
    "apple-fonts": {
      "inputs": {
        "nixpkgs": "nixpkgs",
        "ny": "ny",
        "sf-arabic": "sf-arabic",
        "sf-compact": "sf-compact",
        "sf-mono": "sf-mono",
        "sf-pro": "sf-pro"
      },
      "locked": {
        "lastModified": 1732029343,
        "narHash": "sha256-sAOEhA/vfyAKggwyI3PNy2xeNzb/USZl4YNpeSzMRBI=",
        "owner": "Lyndeno",
        "repo": "apple-fonts.nix",
        "rev": "714767021b57d0d30de35eb90e4b748fbbb9c99f",
        "type": "github"
      },
      "original": {
        "owner": "Lyndeno",
        "repo": "apple-fonts.nix",
        "type": "github"
      }
    },
    "home-manager": {
      "inputs": {
        "nixpkgs": [
          "nixpkgs"
        ]
      },
      "locked": {
        "lastModified": 1737299337,
        "narHash": "sha256-0NBrY2A7buujKmeCbieopOMSbLxTu8TFcTLqAbTnQDw=",
        "owner": "nix-community",
        "repo": "home-manager",
        "rev": "f8ef4541bb8a54a8b52f19b52912119e689529b3",
        "type": "github"
      },
      "original": {
        "owner": "nix-community",
        "repo": "home-manager",
        "type": "github"
      }
    },
    "nix-darwin": {
      "inputs": {
        "nixpkgs": [
          "nixpkgs"
        ]
      },
      "locked": {
        "lastModified": 1737162735,
        "narHash": "sha256-5T+HkouTMGaRm0rh3kgD4Z1O7ONKfgjyoPQH5rSyreU=",
        "owner": "LnL7",
        "repo": "nix-darwin",
        "rev": "87131f51f8256952d1a306b5521cedc2dc61aa08",
        "type": "github"
      },
      "original": {
        "owner": "LnL7",
        "repo": "nix-darwin",
        "type": "github"
      }
    },
    "nixpkgs": {
      "locked": {
        "lastModified": 1731319897,
        "narHash": "sha256-PbABj4tnbWFMfBp6OcUK5iGy1QY+/Z96ZcLpooIbuEI=",
        "owner": "nixos",
        "repo": "nixpkgs",
        "rev": "dc460ec76cbff0e66e269457d7b728432263166c",
        "type": "github"
      },
      "original": {
        "owner": "nixos",
        "ref": "nixos-unstable",
        "repo": "nixpkgs",
        "type": "github"
      }
    },
    "nixpkgs_2": {
      "locked": {
        "lastModified": 1737370608,
        "narHash": "sha256-hFA6SmioeqvGW/XvZa9bxniAeulksCOcj3kokdNT/YE=",
        "owner": "NixOS",
        "repo": "nixpkgs",
        "rev": "300081d0cc72df578b02d914df941b8ec62240e6",
        "type": "github"
      },
      "original": {
        "owner": "NixOS",
        "ref": "nixpkgs-unstable",
        "repo": "nixpkgs",
        "type": "github"
      }
    },
    "ny": {
      "flake": false,
      "locked": {
        "narHash": "sha256-3257NAH4qlan2YHVLpNRy7x8IJqR2pal3OzFo/ykqXs=",
        "type": "file",
        "url": "https://devimages-cdn.apple.com/design/resources/download/NY.dmg"
      },
      "original": {
        "type": "file",
        "url": "https://devimages-cdn.apple.com/design/resources/download/NY.dmg"
      }
    },
    "root": {
      "inputs": {
        "apple-fonts": "apple-fonts",
        "home-manager": "home-manager",
        "nix-darwin": "nix-darwin",
        "nixpkgs": "nixpkgs_2",
        "sqld_pkgs": "sqld_pkgs"
      }
    },
    "sf-arabic": {
      "flake": false,
      "locked": {
        "narHash": "sha256-/0gjRimqvZyE60xYxxPdlU+7Q2LJnnvtbmwOP0YmS9U=",
        "type": "file",
        "url": "https://devimages-cdn.apple.com/design/resources/download/SF-Arabic.dmg"
      },
      "original": {
        "type": "file",
        "url": "https://devimages-cdn.apple.com/design/resources/download/SF-Arabic.dmg"
      }
    },
    "sf-compact": {
      "flake": false,
      "locked": {
        "narHash": "sha256-J72Lyt2wy83E46wN8w6/Rih9kilM9wEjtY6KnbF0DsA=",
        "type": "file",
        "url": "https://devimages-cdn.apple.com/design/resources/download/SF-Compact.dmg"
      },
      "original": {
        "type": "file",
        "url": "https://devimages-cdn.apple.com/design/resources/download/SF-Compact.dmg"
      }
    },
    "sf-mono": {
      "flake": false,
      "locked": {
        "narHash": "sha256-ICdHRFdNL7PM/fXJUzS7LgZxZiqcyIuCMHLze4En4vg=",
        "type": "file",
        "url": "https://devimages-cdn.apple.com/design/resources/download/SF-Mono.dmg"
      },
      "original": {
        "type": "file",
        "url": "https://devimages-cdn.apple.com/design/resources/download/SF-Mono.dmg"
      }
    },
    "sf-pro": {
      "flake": false,
      "locked": {
        "narHash": "sha256-Q/pOQ4MGhW/ZtLka+UUQcwSoZFDWW34XvutxL4GvzUY=",
        "type": "file",
        "url": "https://devimages-cdn.apple.com/design/resources/download/SF-Pro.dmg"
      },
      "original": {
        "type": "file",
        "url": "https://devimages-cdn.apple.com/design/resources/download/SF-Pro.dmg"
      }
    },
    "sqld_pkgs": {
      "locked": {
        "lastModified": 1734435836,
        "narHash": "sha256-kMBQ5PRiFLagltK0sH+08aiNt3zGERC2297iB6vrvlU=",
        "type": "tarball",
        "url": "https://github.com/NixOS/nixpkgs/archive/4989a246d7a390a859852baddb1013f825435cee.tar.gz"
      },
      "original": {
        "type": "tarball",
        "url": "https://github.com/NixOS/nixpkgs/archive/4989a246d7a390a859852baddb1013f825435cee.tar.gz"
      }
    }
  },
  "root": "root",
  "version": 7
}
